<?xml version="1.0" encoding="utf-8"?>
<Project ToolsVersion="4.0" xmlns="http://schemas.microsoft.com/developer/msbuild/2003">
  <ItemGroup>
    <Filter Include="Source Files">
      <UniqueIdentifier>{4FC737F1-C7A5-4376-A066-2A32D752A2FF}</UniqueIdentifier>
      <Extensions>cpp;c;cc;cxx;def;odl;idl;hpj;bat;asm;asmx</Extensions>
    </Filter>
    <Filter Include="Header Files">
      <UniqueIdentifier>{93995380-89BD-4b04-88EB-625FBE52EBFB}</UniqueIdentifier>
      <Extensions>h;hh;hpp;hxx;hm;inl;inc;ipp;xsd</Extensions>
    </Filter>
    <Filter Include="Resource Files">
      <UniqueIdentifier>{67DA6AB6-F800-4c08-8B7A-83BB121AAD01}</UniqueIdentifier>
      <Extensions>rc;ico;cur;bmp;dlg;rc2;rct;bin;rgs;gif;jpg;jpeg;jpe;resx;tiff;tif;png;wav;mfcribbon-ms</Extensions>
    </Filter>
  </ItemGroup>
  <ItemGroup>
    <ClCompile Include="game\main.cpp">
      <Filter>Source Files</Filter>
    </ClCompile>
    <ClCompile Include="engine\platform\window\Window.cpp">
      <Filter>Source Files</Filter>
    </ClCompile>
    <ClCompile Include="engine\platform\buffers\indexBuffer.cpp">
      <Filter>Source Files</Filter>
    </ClCompile>
    <ClCompile Include="engine\platform\buffers\vertexArray.cpp">
      <Filter>Source Files</Filter>
    </ClCompile>
    <ClCompile Include="engine\platform\buffers\vertexBuffer.cpp">
      <Filter>Source Files</Filter>
    </ClCompile>
    <ClCompile Include="engine\platform\math\Matrix.cpp">
      <Filter>Source Files</Filter>
    </ClCompile>
    <ClCompile Include="engine\platform\entities\camera.cpp">
      <Filter>Source Files</Filter>
    </ClCompile>
    <ClCompile Include="engine\platform\shader\shader.cpp">
      <Filter>Source Files</Filter>
    </ClCompile>
    <ClCompile Include="engine\platform\renderer\spriteRenderer.cpp">
      <Filter>Source Files</Filter>
    </ClCompile>
    <ClCompile Include="engine\platform\texture\texture.cpp">
      <Filter>Source Files</Filter>
    </ClCompile>
    <ClCompile Include="engine\components\Sprite\sprite2D.cpp">
      <Filter>Source Files</Filter>
    </ClCompile>
    <ClCompile Include="engine\external\stb_image\stb_image.cpp">
      <Filter>Source Files</Filter>
    </ClCompile>
    <ClCompile Include="engine\components\animator\animator.cpp">
      <Filter>Source Files</Filter>
    </ClCompile>
    <ClCompile Include="engine\gameComponents\gameEngine.cpp">
      <Filter>Source Files</Filter>
    </ClCompile>
    <ClCompile Include="game\gameStates\testState.cpp">
      <Filter>Source Files</Filter>
    </ClCompile>
    <ClCompile Include="engine\gameComponents\inputManager.h">
      <Filter>Source Files</Filter>
    </ClCompile>
    <ClCompile Include="game\gameEntities\player.cpp">
      <Filter>Source Files</Filter>
    </ClCompile>
    <ClCompile Include="engine\platform\renderer\backgroundRenderer.cpp">
      <Filter>Source Files</Filter>
    </ClCompile>
    <ClCompile Include="engine\external\imgui\imgui.cpp">
      <Filter>Source Files</Filter>
    </ClCompile>
    <ClCompile Include="engine\external\imgui\imgui_demo.cpp">
      <Filter>Source Files</Filter>
    </ClCompile>
    <ClCompile Include="engine\external\imgui\imgui_draw.cpp">
      <Filter>Source Files</Filter>
    </ClCompile>
    <ClCompile Include="engine\external\imgui\imgui_impl_glfw.cpp">
      <Filter>Source Files</Filter>
    </ClCompile>
    <ClCompile Include="engine\external\imgui\imgui_impl_opengl3.cpp">
      <Filter>Source Files</Filter>
    </ClCompile>
    <ClCompile Include="engine\external\imgui\imgui_widgets.cpp">
      <Filter>Source Files</Filter>
    </ClCompile>
    <ClCompile Include="engine\components\physics\collision\BoxCollider.cpp">
      <Filter>Source Files</Filter>
    </ClCompile>
    <ClCompile Include="engine\components\physics\PhysicsEngine.cpp">
      <Filter>Source Files</Filter>
    </ClCompile>
    <ClCompile Include="engine\components\event\EventBus.cpp">
      <Filter>Source Files</Filter>
    </ClCompile>
    <ClCompile Include="engine\components\event\EventNode.cpp">
      <Filter>Source Files</Filter>
    </ClCompile>
    <ClCompile Include="engine\components\event\EventManager.cpp">
      <Filter>Source Files</Filter>
    </ClCompile>
  </ItemGroup>
  <ItemGroup>
    <ClInclude Include="engine\platform\window\Window.h">
      <Filter>Header Files</Filter>
    </ClInclude>
    <ClInclude Include="engine\util\Utilities.h">
      <Filter>Header Files</Filter>
    </ClInclude>
    <ClInclude Include="engine\util\ErrorLogging.h">
      <Filter>Header Files</Filter>
    </ClInclude>
    <ClInclude Include="engine\platform\buffers\indexBuffer.h">
      <Filter>Header Files</Filter>
    </ClInclude>
    <ClInclude Include="engine\platform\buffers\vertexArray.h">
      <Filter>Header Files</Filter>
    </ClInclude>
    <ClInclude Include="engine\platform\buffers\vertexBuffer.h">
      <Filter>Header Files</Filter>
    </ClInclude>
    <ClInclude Include="engine\platform\buffers\vertexBufferLayout.h">
      <Filter>Header Files</Filter>
    </ClInclude>
    <ClInclude Include="engine\platform\math\Matrix.h">
      <Filter>Header Files</Filter>
    </ClInclude>
    <ClInclude Include="engine\platform\math\Math.h">
      <Filter>Header Files</Filter>
    </ClInclude>
    <ClInclude Include="engine\platform\entities\camera.h">
      <Filter>Header Files</Filter>
    </ClInclude>
    <ClInclude Include="engine\platform\entities\entity.h">
      <Filter>Header Files</Filter>
    </ClInclude>
    <ClInclude Include="engine\platform\shader\shader.h">
      <Filter>Header Files</Filter>
    </ClInclude>
    <ClInclude Include="engine\platform\renderer\spriteRenderer.h">
      <Filter>Header Files</Filter>
    </ClInclude>
    <ClInclude Include="engine\platform\texture\texture.h">
      <Filter>Header Files</Filter>
    </ClInclude>
    <ClInclude Include="engine\components\Sprite\sprite2D.h">
      <Filter>Header Files</Filter>
    </ClInclude>
    <ClInclude Include="engine\external\stb_image\stb_image.h">
      <Filter>Header Files</Filter>
    </ClInclude>
    <ClInclude Include="engine\Engine.h">
      <Filter>Header Files</Filter>
    </ClInclude>
    <ClInclude Include="engine\components\animator\animator.h">
      <Filter>Header Files</Filter>
    </ClInclude>
    <ClInclude Include="engine\components\components.h">
      <Filter>Header Files</Filter>
    </ClInclude>
    <ClInclude Include="engine\gameComponents\gameComponents.h">
      <Filter>Header Files</Filter>
    </ClInclude>
    <ClInclude Include="engine\gameComponents\gameState.h">
      <Filter>Header Files</Filter>
    </ClInclude>
    <ClInclude Include="engine\gameComponents\gameEngine.h">
      <Filter>Header Files</Filter>
    </ClInclude>
    <ClInclude Include="game\gameStates\testState.h">
      <Filter>Header Files</Filter>
    </ClInclude>
    <ClInclude Include="game\gameStates\gameStates.h">
      <Filter>Header Files</Filter>
    </ClInclude>
    <ClInclude Include="game\gameEntities\player.h">
      <Filter>Header Files</Filter>
    </ClInclude>
    <ClInclude Include="game\gameEntities\gameEntities.h">
      <Filter>Header Files</Filter>
    </ClInclude>
    <ClInclude Include="game\util\enums.h">
      <Filter>Header Files</Filter>
    </ClInclude>
    <ClInclude Include="game\util\util.h">
      <Filter>Header Files</Filter>
    </ClInclude>
    <ClInclude Include="engine\platform\renderer\backgroundRenderer.h">
      <Filter>Header Files</Filter>
    </ClInclude>
    <ClInclude Include="engine\external\imgui\imconfig.h">
      <Filter>Header Files</Filter>
    </ClInclude>
    <ClInclude Include="engine\external\imgui\imgui.h">
      <Filter>Header Files</Filter>
    </ClInclude>
    <ClInclude Include="engine\external\imgui\imgui_impl_glfw.h">
      <Filter>Header Files</Filter>
    </ClInclude>
    <ClInclude Include="engine\external\imgui\imgui_impl_opengl3.h">
      <Filter>Header Files</Filter>
    </ClInclude>
    <ClInclude Include="engine\external\imgui\imgui_internal.h">
      <Filter>Header Files</Filter>
    </ClInclude>
    <ClInclude Include="engine\external\imgui\imstb_rectpack.h">
      <Filter>Header Files</Filter>
    </ClInclude>
    <ClInclude Include="engine\external\imgui\imstb_textedit.h">
      <Filter>Header Files</Filter>
    </ClInclude>
    <ClInclude Include="engine\external\imgui\imstb_truetype.h">
      <Filter>Header Files</Filter>
    </ClInclude>
    <ClInclude Include="engine\components\physics\collision\BoxCollider.h">
      <Filter>Header Files</Filter>
    </ClInclude>
    <ClInclude Include="engine\components\physics\PhysicsEngine.h">
      <Filter>Header Files</Filter>
    </ClInclude>
    <ClInclude Include="engine\components\event\Event.h">
      <Filter>Header Files</Filter>
    </ClInclude>
    <ClInclude Include="engine\components\event\EventBus.h">
      <Filter>Header Files</Filter>
    </ClInclude>
    <ClInclude Include="engine\components\event\EventNode.h">
      <Filter>Header Files</Filter>
    </ClInclude>
    <ClInclude Include="engine\components\event\EventManager.h">
      <Filter>Header Files</Filter>
    </ClInclude>
  </ItemGroup>
  <ItemGroup>
    <None Include="res\shaders\basic.shader" />
  </ItemGroup>
  <ItemGroup>
    <Image Include="res\spritesheets\test.png">
      <Filter>Resource Files</Filter>
    </Image>
  </ItemGroup>
</Project>